
Microsoft Visual Studio Solution File, Format Version 12.00
# Visual Studio 14
VisualStudioVersion = 14.0.25420.1
MinimumVisualStudioVersion = 10.0.40219.1
Project("{2150E333-8FDC-42A3-9474-1A3956D46DE8}") = "src", "src", "{9B50947C-9C87-49BA-9D7C-E46A029E478C}"
EndProject
Project("{2150E333-8FDC-42A3-9474-1A3956D46DE8}") = "Solution Items", "Solution Items", "{DDCBCD90-CFC9-45EA-9C72-2106026C6D60}"
	ProjectSection(SolutionItems) = preProject
		global.json = global.json
	EndProjectSection
EndProject
Project("{8BB2217D-0F2D-49D1-97BC-3654ED321F3B}") = "HelloCoreWorld", "src\HelloCoreWorld\HelloCoreWorld.xproj", "{18B41996-6291-4E31-BE03-2052224E0E7B}"
EndProject
Global
	GlobalSection(SolutionConfigurationPlatforms) = preSolution
		Debug|Any CPU = Debug|Any CPU
		Release|Any CPU = Release|Any CPU
	EndGlobalSection
	GlobalSection(ProjectConfigurationPlatforms) = postSolution
		{18B41996-6291-4E31-BE03-2052224E0E7B}.Debug|Any CPU.ActiveCfg = Debug|Any CPU
		{18B41996-6291-4E31-BE03-2052224E0E7B}.Debug|Any CPU.Build.0 = Debug|Any CPU
		{18B41996-6291-4E31-BE03-2052224E0E7B}.Release|Any CPU.ActiveCfg = Release|Any CPU
		{18B41996-6291-4E31-BE03-2052224E0E7B}.Release|Any CPU.Build.0 = Release|Any CPU
	EndGlobalSection
	GlobalSection(SolutionProperties) = preSolution
		HideSolutionNode = FALSE
	EndGlobalSection
	GlobalSection(NestedProjects) = preSolution
		{18B41996-6291-4E31-BE03-2052224E0E7B} = {9B50947C-9C87-49BA-9D7C-E46A029E478C}
	EndGlobalSection
EndGlobal
